
Microsoft Visual Studio Solution File, Format Version 12.00
Project("{2150E333-8FDC-42A3-9474-1A3956D46DE8}") = "building-blocks", "building-blocks", "{2F3564ED-E19A-4C84-B8F8-14E42A5E29A0}"
EndProject
Project("{2150E333-8FDC-42A3-9474-1A3956D46DE8}") = "services", "services", "{0ECD6108-E955-47E6-BB9A-34D370339F0F}"
EndProject
Project("{FAE04EC0-301F-11D3-BF4B-00C04F79EFBC}") = "JetStreamData.Kernel", "building-blocks\JetStreamData.Kernel\JetStreamData.Kernel.csproj", "{083A841C-C288-4FC0-ACA8-90CCCC79CE3C}"
EndProject
Project("{FAE04EC0-301F-11D3-BF4B-00C04F79EFBC}") = "JetStreamData.Kernel.Domain", "building-blocks\JetStreamData.Kernel.Domain\JetStreamData.Kernel.Domain.csproj", "{6880168F-7553-4599-B60C-20157DC794B4}"
EndProject
Project("{FAE04EC0-301F-11D3-BF4B-00C04F79EFBC}") = "JetStreamData.Kernel.Infrastructure", "building-blocks\JetStreamData.Kernel.Infrastructure\JetStreamData.Kernel.Infrastructure.csproj", "{28D314D1-8524-4142-8FBA-A4F504DA68BD}"
EndProject
Project("{FAE04EC0-301F-11D3-BF4B-00C04F79EFBC}") = "JetStreamData.FlightsService", "services\JetStreamData.FlightsService\JetStreamData.FlightsService.csproj", "{D6A783A1-8D71-44FD-AA7B-9EE3257AAC55}"
EndProject
Global
	GlobalSection(SolutionConfigurationPlatforms) = preSolution
		Debug|Any CPU = Debug|Any CPU
		Release|Any CPU = Release|Any CPU
	EndGlobalSection
	GlobalSection(NestedProjects) = preSolution
		{083A841C-C288-4FC0-ACA8-90CCCC79CE3C} = {2F3564ED-E19A-4C84-B8F8-14E42A5E29A0}
		{6880168F-7553-4599-B60C-20157DC794B4} = {2F3564ED-E19A-4C84-B8F8-14E42A5E29A0}
		{28D314D1-8524-4142-8FBA-A4F504DA68BD} = {2F3564ED-E19A-4C84-B8F8-14E42A5E29A0}
		{D6A783A1-8D71-44FD-AA7B-9EE3257AAC55} = {0ECD6108-E955-47E6-BB9A-34D370339F0F}
	EndGlobalSection
	GlobalSection(ProjectConfigurationPlatforms) = postSolution
		{083A841C-C288-4FC0-ACA8-90CCCC79CE3C}.Debug|Any CPU.ActiveCfg = Debug|Any CPU
		{083A841C-C288-4FC0-ACA8-90CCCC79CE3C}.Debug|Any CPU.Build.0 = Debug|Any CPU
		{083A841C-C288-4FC0-ACA8-90CCCC79CE3C}.Release|Any CPU.ActiveCfg = Release|Any CPU
		{083A841C-C288-4FC0-ACA8-90CCCC79CE3C}.Release|Any CPU.Build.0 = Release|Any CPU
		{6880168F-7553-4599-B60C-20157DC794B4}.Debug|Any CPU.ActiveCfg = Debug|Any CPU
		{6880168F-7553-4599-B60C-20157DC794B4}.Debug|Any CPU.Build.0 = Debug|Any CPU
		{6880168F-7553-4599-B60C-20157DC794B4}.Release|Any CPU.ActiveCfg = Release|Any CPU
		{6880168F-7553-4599-B60C-20157DC794B4}.Release|Any CPU.Build.0 = Release|Any CPU
		{28D314D1-8524-4142-8FBA-A4F504DA68BD}.Debug|Any CPU.ActiveCfg = Debug|Any CPU
		{28D314D1-8524-4142-8FBA-A4F504DA68BD}.Debug|Any CPU.Build.0 = Debug|Any CPU
		{28D314D1-8524-4142-8FBA-A4F504DA68BD}.Release|Any CPU.ActiveCfg = Release|Any CPU
		{28D314D1-8524-4142-8FBA-A4F504DA68BD}.Release|Any CPU.Build.0 = Release|Any CPU
		{D6A783A1-8D71-44FD-AA7B-9EE3257AAC55}.Debug|Any CPU.ActiveCfg = Debug|Any CPU
		{D6A783A1-8D71-44FD-AA7B-9EE3257AAC55}.Debug|Any CPU.Build.0 = Debug|Any CPU
		{D6A783A1-8D71-44FD-AA7B-9EE3257AAC55}.Release|Any CPU.ActiveCfg = Release|Any CPU
		{D6A783A1-8D71-44FD-AA7B-9EE3257AAC55}.Release|Any CPU.Build.0 = Release|Any CPU
	EndGlobalSection
EndGlobal
